
Microsoft Visual Studio Solution File, Format Version 12.00
# Visual Studio 14
VisualStudioVersion = 14.0.22310.1
MinimumVisualStudioVersion = 10.0.40219.1
Project("{2150E333-8FDC-42A3-9474-1A3956D46DE8}") = "Part 1", "Part 1", "{A1F012E9-1CB0-4D27-B6D7-030FF75A5E71}"
EndProject
Project("{2150E333-8FDC-42A3-9474-1A3956D46DE8}") = "Part 2", "Part 2", "{2CC72518-EA45-46EE-81E2-90B2103500B0}"
EndProject
Project("{2150E333-8FDC-42A3-9474-1A3956D46DE8}") = "Part 3", "Part 3", "{5E6D5100-0E99-4FE7-A311-FB7020305012}"
EndProject
Project("{2150E333-8FDC-42A3-9474-1A3956D46DE8}") = "Part 4", "Part 4", "{BE7116F1-4CBF-4172-8C04-5BD2A9FC487D}"
EndProject
Project("{2150E333-8FDC-42A3-9474-1A3956D46DE8}") = "Part 5", "Part 5", "{24307841-BEEF-4CFE-ACA4-ED14F02CB21B}"
EndProject
Project("{2150E333-8FDC-42A3-9474-1A3956D46DE8}") = "Part 6", "Part 6", "{0B94C262-4B37-4EDD-80EE-4782B997E8B8}"
EndProject
Project("{2150E333-8FDC-42A3-9474-1A3956D46DE8}") = "Part 7", "Part 7", "{386729E0-DEF9-4A03-A1E3-F7FE9287BF50}"
EndProject
Project("{FAE04EC0-301F-11D3-BF4B-00C04F79EFBC}") = "MetricsDemo", "MetricsDemo\MetricsDemo.csproj", "{07000982-ECD8-4745-83C3-2F772940BD60}"
EndProject
Project("{FAE04EC0-301F-11D3-BF4B-00C04F79EFBC}") = "MonitoringDemo", "MonitoringDemo\MonitoringDemo.csproj", "{18030160-5010-4A59-AB89-E2EF1DD54A73}"
EndProject
Project("{2150E333-8FDC-42A3-9474-1A3956D46DE8}") = "Part 8", "Part 8", "{240C3A51-24E2-443A-A878-5BC9E351E958}"
EndProject
Project("{FAE04EC0-301F-11D3-BF4B-00C04F79EFBC}") = "GlimpseDemo", "GlimpseDemo\GlimpseDemo.csproj", "{3B3A1A4E-0AFC-4A36-B140-02419D20FF80}"
EndProject
Project("{FAE04EC0-301F-11D3-BF4B-00C04F79EFBC}") = "UnitTestDemo", "UnitTestDemo\UnitTestDemo.csproj", "{C184CEC8-F40B-4595-84DA-71D5F42148D4}"
EndProject
Project("{FAE04EC0-301F-11D3-BF4B-00C04F79EFBC}") = "PackageManagementDemo", "PackageManagementDemo\PackageManagementDemo.csproj", "{0AE064CD-46BE-4F45-8095-6FCA12D2C9BC}"
EndProject
Project("{FAE04EC0-301F-11D3-BF4B-00C04F79EFBC}") = "LoggingDemo", "LoggingDemo\LoggingDemo.csproj", "{A628F2A5-16D7-4E58-8A29-87F2E0F21779}"
EndProject
Project("{FAE04EC0-301F-11D3-BF4B-00C04F79EFBC}") = "LogManagementDemo", "LogManagementDemo\LogManagementDemo.csproj", "{5C1BA871-C545-4E17-891A-FA0366549F38}"
EndProject
Project("{FAE04EC0-301F-11D3-BF4B-00C04F79EFBC}") = "TestabilityDemo", "TestabilityDemo\TestabilityDemo.csproj", "{B99E3060-9135-44EC-8883-3200426BEDFE}"
EndProject
Project("{2150E333-8FDC-42A3-9474-1A3956D46DE8}") = "Solution Items", "Solution Items", "{7F97E1AD-065A-4F3D-BE01-26F0C30BC2E3}"
	ProjectSection(SolutionItems) = preProject
		readme.md = readme.md
	EndProjectSection
EndProject
Project("{2150E333-8FDC-42A3-9474-1A3956D46DE8}") = "Part 9", "Part 9", "{FFEB1BF1-F3B9-4940-B309-539CA224C253}"
EndProject
Project("{FAE04EC0-301F-11D3-BF4B-00C04F79EFBC}") = "SmartUnitTestsDemo", "SmartUnitTestsDemo\SmartUnitTestsDemo.csproj", "{73D9AF76-3C61-4FF9-B87F-F1292F37FDA9}"
EndProject
Project("{FAE04EC0-301F-11D3-BF4B-00C04F79EFBC}") = "SmartUnitTestsDemo.Tests", "SmartUnitTestsDemo.Tests\SmartUnitTestsDemo.Tests.csproj", "{3DE84DF8-4376-4D03-9B06-29CB547FDDCE}"
EndProject
Global
	GlobalSection(SolutionConfigurationPlatforms) = preSolution
		Debug|Any CPU = Debug|Any CPU
		Release|Any CPU = Release|Any CPU
	EndGlobalSection
	GlobalSection(ProjectConfigurationPlatforms) = postSolution
		{07000982-ECD8-4745-83C3-2F772940BD60}.Debug|Any CPU.ActiveCfg = Debug|Any CPU
		{07000982-ECD8-4745-83C3-2F772940BD60}.Debug|Any CPU.Build.0 = Debug|Any CPU
		{07000982-ECD8-4745-83C3-2F772940BD60}.Release|Any CPU.ActiveCfg = Release|Any CPU
		{07000982-ECD8-4745-83C3-2F772940BD60}.Release|Any CPU.Build.0 = Release|Any CPU
		{18030160-5010-4A59-AB89-E2EF1DD54A73}.Debug|Any CPU.ActiveCfg = Debug|Any CPU
		{18030160-5010-4A59-AB89-E2EF1DD54A73}.Debug|Any CPU.Build.0 = Debug|Any CPU
		{18030160-5010-4A59-AB89-E2EF1DD54A73}.Release|Any CPU.ActiveCfg = Release|Any CPU
		{18030160-5010-4A59-AB89-E2EF1DD54A73}.Release|Any CPU.Build.0 = Release|Any CPU
		{3B3A1A4E-0AFC-4A36-B140-02419D20FF80}.Debug|Any CPU.ActiveCfg = Debug|Any CPU
		{3B3A1A4E-0AFC-4A36-B140-02419D20FF80}.Debug|Any CPU.Build.0 = Debug|Any CPU
		{3B3A1A4E-0AFC-4A36-B140-02419D20FF80}.Release|Any CPU.ActiveCfg = Release|Any CPU
		{3B3A1A4E-0AFC-4A36-B140-02419D20FF80}.Release|Any CPU.Build.0 = Release|Any CPU
		{C184CEC8-F40B-4595-84DA-71D5F42148D4}.Debug|Any CPU.ActiveCfg = Debug|Any CPU
		{C184CEC8-F40B-4595-84DA-71D5F42148D4}.Debug|Any CPU.Build.0 = Debug|Any CPU
		{C184CEC8-F40B-4595-84DA-71D5F42148D4}.Release|Any CPU.ActiveCfg = Release|Any CPU
		{C184CEC8-F40B-4595-84DA-71D5F42148D4}.Release|Any CPU.Build.0 = Release|Any CPU
		{0AE064CD-46BE-4F45-8095-6FCA12D2C9BC}.Debug|Any CPU.ActiveCfg = Debug|Any CPU
		{0AE064CD-46BE-4F45-8095-6FCA12D2C9BC}.Debug|Any CPU.Build.0 = Debug|Any CPU
		{0AE064CD-46BE-4F45-8095-6FCA12D2C9BC}.Release|Any CPU.ActiveCfg = Release|Any CPU
		{0AE064CD-46BE-4F45-8095-6FCA12D2C9BC}.Release|Any CPU.Build.0 = Release|Any CPU
		{A628F2A5-16D7-4E58-8A29-87F2E0F21779}.Debug|Any CPU.ActiveCfg = Debug|Any CPU
		{A628F2A5-16D7-4E58-8A29-87F2E0F21779}.Debug|Any CPU.Build.0 = Debug|Any CPU
		{A628F2A5-16D7-4E58-8A29-87F2E0F21779}.Release|Any CPU.ActiveCfg = Release|Any CPU
		{A628F2A5-16D7-4E58-8A29-87F2E0F21779}.Release|Any CPU.Build.0 = Release|Any CPU
		{5C1BA871-C545-4E17-891A-FA0366549F38}.Debug|Any CPU.ActiveCfg = Debug|Any CPU
		{5C1BA871-C545-4E17-891A-FA0366549F38}.Debug|Any CPU.Build.0 = Debug|Any CPU
		{5C1BA871-C545-4E17-891A-FA0366549F38}.Release|Any CPU.ActiveCfg = Release|Any CPU
		{5C1BA871-C545-4E17-891A-FA0366549F38}.Release|Any CPU.Build.0 = Release|Any CPU
		{B99E3060-9135-44EC-8883-3200426BEDFE}.Debug|Any CPU.ActiveCfg = Debug|Any CPU
		{B99E3060-9135-44EC-8883-3200426BEDFE}.Debug|Any CPU.Build.0 = Debug|Any CPU
		{B99E3060-9135-44EC-8883-3200426BEDFE}.Release|Any CPU.ActiveCfg = Release|Any CPU
		{B99E3060-9135-44EC-8883-3200426BEDFE}.Release|Any CPU.Build.0 = Release|Any CPU
		{73D9AF76-3C61-4FF9-B87F-F1292F37FDA9}.Debug|Any CPU.ActiveCfg = Debug|Any CPU
		{73D9AF76-3C61-4FF9-B87F-F1292F37FDA9}.Debug|Any CPU.Build.0 = Debug|Any CPU
		{73D9AF76-3C61-4FF9-B87F-F1292F37FDA9}.Release|Any CPU.ActiveCfg = Release|Any CPU
		{73D9AF76-3C61-4FF9-B87F-F1292F37FDA9}.Release|Any CPU.Build.0 = Release|Any CPU
		{3DE84DF8-4376-4D03-9B06-29CB547FDDCE}.Debug|Any CPU.ActiveCfg = Debug|Any CPU
		{3DE84DF8-4376-4D03-9B06-29CB547FDDCE}.Debug|Any CPU.Build.0 = Debug|Any CPU
		{3DE84DF8-4376-4D03-9B06-29CB547FDDCE}.Release|Any CPU.ActiveCfg = Release|Any CPU
		{3DE84DF8-4376-4D03-9B06-29CB547FDDCE}.Release|Any CPU.Build.0 = Release|Any CPU
	EndGlobalSection
	GlobalSection(SolutionProperties) = preSolution
		HideSolutionNode = FALSE
	EndGlobalSection
	GlobalSection(NestedProjects) = preSolution
		{07000982-ECD8-4745-83C3-2F772940BD60} = {BE7116F1-4CBF-4172-8C04-5BD2A9FC487D}
		{18030160-5010-4A59-AB89-E2EF1DD54A73} = {24307841-BEEF-4CFE-ACA4-ED14F02CB21B}
		{3B3A1A4E-0AFC-4A36-B140-02419D20FF80} = {0B94C262-4B37-4EDD-80EE-4782B997E8B8}
		{C184CEC8-F40B-4595-84DA-71D5F42148D4} = {386729E0-DEF9-4A03-A1E3-F7FE9287BF50}
		{0AE064CD-46BE-4F45-8095-6FCA12D2C9BC} = {A1F012E9-1CB0-4D27-B6D7-030FF75A5E71}
		{A628F2A5-16D7-4E58-8A29-87F2E0F21779} = {2CC72518-EA45-46EE-81E2-90B2103500B0}
		{5C1BA871-C545-4E17-891A-FA0366549F38} = {5E6D5100-0E99-4FE7-A311-FB7020305012}
		{B99E3060-9135-44EC-8883-3200426BEDFE} = {240C3A51-24E2-443A-A878-5BC9E351E958}
		{73D9AF76-3C61-4FF9-B87F-F1292F37FDA9} = {FFEB1BF1-F3B9-4940-B309-539CA224C253}
		{3DE84DF8-4376-4D03-9B06-29CB547FDDCE} = {FFEB1BF1-F3B9-4940-B309-539CA224C253}
	EndGlobalSection
EndGlobal
